
Microsoft Visual Studio Solution File, Format Version 12.00
# Visual Studio Version 17
VisualStudioVersion = 17.14.36511.14 d17.14
MinimumVisualStudioVersion = 10.0.40219.1
Project("{FAE04EC0-301F-11D3-BF4B-00C04F79EFBC}") = "ExaminationSystem", "ExaminationSystem\ExaminationSystem.csproj", "{2528712E-C681-4303-BE38-C9B302A34A33}"
EndProject
Project("{FAE04EC0-301F-11D3-BF4B-00C04F79EFBC}") = "DAL", "DAL\DAL.csproj", "{56B4FFEE-A97F-4CDB-BA10-F1207DD802DD}"
EndProject
Project("{FAE04EC0-301F-11D3-BF4B-00C04F79EFBC}") = "BL", "BL\BL.csproj", "{E85B0BFD-CB29-40CD-96C3-7C3D71D06DD5}"
EndProject
Global
	GlobalSection(SolutionConfigurationPlatforms) = preSolution
		Debug|Any CPU = Debug|Any CPU
		Release|Any CPU = Release|Any CPU
	EndGlobalSection
	GlobalSection(ProjectConfigurationPlatforms) = postSolution
		{2528712E-C681-4303-BE38-C9B302A34A33}.Debug|Any CPU.ActiveCfg = Debug|Any CPU
		{2528712E-C681-4303-BE38-C9B302A34A33}.Debug|Any CPU.Build.0 = Debug|Any CPU
		{2528712E-C681-4303-BE38-C9B302A34A33}.Release|Any CPU.ActiveCfg = Release|Any CPU
		{2528712E-C681-4303-BE38-C9B302A34A33}.Release|Any CPU.Build.0 = Release|Any CPU
		{56B4FFEE-A97F-4CDB-BA10-F1207DD802DD}.Debug|Any CPU.ActiveCfg = Debug|Any CPU
		{56B4FFEE-A97F-4CDB-BA10-F1207DD802DD}.Debug|Any CPU.Build.0 = Debug|Any CPU
		{56B4FFEE-A97F-4CDB-BA10-F1207DD802DD}.Release|Any CPU.ActiveCfg = Release|Any CPU
		{56B4FFEE-A97F-4CDB-BA10-F1207DD802DD}.Release|Any CPU.Build.0 = Release|Any CPU
		{E85B0BFD-CB29-40CD-96C3-7C3D71D06DD5}.Debug|Any CPU.ActiveCfg = Debug|Any CPU
		{E85B0BFD-CB29-40CD-96C3-7C3D71D06DD5}.Debug|Any CPU.Build.0 = Debug|Any CPU
		{E85B0BFD-CB29-40CD-96C3-7C3D71D06DD5}.Release|Any CPU.ActiveCfg = Release|Any CPU
		{E85B0BFD-CB29-40CD-96C3-7C3D71D06DD5}.Release|Any CPU.Build.0 = Release|Any CPU
	EndGlobalSection
	GlobalSection(SolutionProperties) = preSolution
		HideSolutionNode = FALSE
	EndGlobalSection
	GlobalSection(ExtensibilityGlobals) = postSolution
		SolutionGuid = {13E8B6D5-8956-4FA1-ACCB-34CDA521A93F}
	EndGlobalSection
EndGlobal
